Microsoft Visual Studio Solution File, Format Version 8.00
Project("{FAE04EC0-301F-11D3-BF4B-00C04F79EFBC}") = "SmartIrc4net", "SmartIrc4net.csproj", "{19607F57-B521-4477-9DE0-F0D9B1A68BC7}"
	ProjectSection(ProjectDependencies) = postProject
	EndProjectSection
EndProject
Project("{FAE04EC0-301F-11D3-BF4B-00C04F79EFBC}") = "benchmark", "..\..\examples\benchmark\VisualStudio\2003\benchmark.csproj", "{CC896253-BC49-4868-B4B4-014BEBE8B826}"
	ProjectSection(ProjectDependencies) = postProject
	EndProjectSection
EndProject
Project("{FAE04EC0-301F-11D3-BF4B-00C04F79EFBC}") = "test", "..\..\examples\test\VisualStudio\2003\test.csproj", "{95AB3A7C-889E-4560-A717-4AC220353D81}"
	ProjectSection(ProjectDependencies) = postProject
	EndProjectSection
EndProject
Project("{FAE04EC0-301F-11D3-BF4B-00C04F79EFBC}") = "stresstest", "..\..\examples\stresstest\VisualStudio\2003\stresstest.csproj", "{65CBCA77-4241-4D4C-ACCB-E640D972CDC4}"
	ProjectSection(ProjectDependencies) = postProject
	EndProjectSection
EndProject
Global
	GlobalSection(SolutionConfiguration) = preSolution
		Debug = Debug
		Release = Release
	EndGlobalSection
	GlobalSection(ProjectConfiguration) = postSolution
		{19607F57-B521-4477-9DE0-F0D9B1A68BC7}.Debug.ActiveCfg = Debug|.NET
		{19607F57-B521-4477-9DE0-F0D9B1A68BC7}.Debug.Build.0 = Debug|.NET
		{19607F57-B521-4477-9DE0-F0D9B1A68BC7}.Release.ActiveCfg = Release|.NET
		{19607F57-B521-4477-9DE0-F0D9B1A68BC7}.Release.Build.0 = Release|.NET
		{CC896253-BC49-4868-B4B4-014BEBE8B826}.Debug.ActiveCfg = Debug|.NET
		{CC896253-BC49-4868-B4B4-014BEBE8B826}.Debug.Build.0 = Debug|.NET
		{CC896253-BC49-4868-B4B4-014BEBE8B826}.Release.ActiveCfg = Release|.NET
		{CC896253-BC49-4868-B4B4-014BEBE8B826}.Release.Build.0 = Release|.NET
		{95AB3A7C-889E-4560-A717-4AC220353D81}.Debug.ActiveCfg = Debug|.NET
		{95AB3A7C-889E-4560-A717-4AC220353D81}.Debug.Build.0 = Debug|.NET
		{95AB3A7C-889E-4560-A717-4AC220353D81}.Release.ActiveCfg = Release|.NET
		{95AB3A7C-889E-4560-A717-4AC220353D81}.Release.Build.0 = Release|.NET
		{65CBCA77-4241-4D4C-ACCB-E640D972CDC4}.Debug.ActiveCfg = Debug|.NET
		{65CBCA77-4241-4D4C-ACCB-E640D972CDC4}.Debug.Build.0 = Debug|.NET
		{65CBCA77-4241-4D4C-ACCB-E640D972CDC4}.Release.ActiveCfg = Release|.NET
		{65CBCA77-4241-4D4C-ACCB-E640D972CDC4}.Release.Build.0 = Release|.NET
	EndGlobalSection
	GlobalSection(ExtensibilityGlobals) = postSolution
	EndGlobalSection
	GlobalSection(ExtensibilityAddIns) = postSolution
	EndGlobalSection
EndGlobal
